// !$*UTF8*$!
{
	archiveVersion = 1;
	classes = {
	};
	objectVersion = 56;
	objects = {

/* Begin PBXBuildFile section */
		02C7042A2AE64A7C00E27B2A /* AppDelegate.swift in Sources */ = {isa = PBXBuildFile; fileRef = 02C704292AE64A7C00E27B2A /* AppDelegate.swift */; };
		02C7042C2AE64A7C00E27B2A /* SceneDelegate.swift in Sources */ = {isa = PBXBuildFile; fileRef = 02C7042B2AE64A7C00E27B2A /* SceneDelegate.swift */; };
		02C7042E2AE64A7C00E27B2A /* HomeVC.swift in Sources */ = {isa = PBXBuildFile; fileRef = 02C7042D2AE64A7C00E27B2A /* HomeVC.swift */; };
		02C704332AE64A7D00E27B2A /* Assets.xcassets in Resources */ = {isa = PBXBuildFile; fileRef = 02C704322AE64A7D00E27B2A /* Assets.xcassets */; };
		02C704362AE64A7D00E27B2A /* LaunchScreen.storyboard in Resources */ = {isa = PBXBuildFile; fileRef = 02C704342AE64A7D00E27B2A /* LaunchScreen.storyboard */; };
		02C7043E2AE64DBD00E27B2A /* HomeView.swift in Sources */ = {isa = PBXBuildFile; fileRef = 02C7043D2AE64DBD00E27B2A /* HomeView.swift */; };
		02C704412AE64DFF00E27B2A /* SnapKit in Frameworks */ = {isa = PBXBuildFile; productRef = 02C704402AE64DFF00E27B2A /* SnapKit */; };
		02C704462AE64E2300E27B2A /* Kingfisher in Frameworks */ = {isa = PBXBuildFile; productRef = 02C704452AE64E2300E27B2A /* Kingfisher */; };
		02C704492AE64E4100E27B2A /* CombineMoya in Frameworks */ = {isa = PBXBuildFile; productRef = 02C704482AE64E4100E27B2A /* CombineMoya */; };
		02C7044B2AE64E4100E27B2A /* Moya in Frameworks */ = {isa = PBXBuildFile; productRef = 02C7044A2AE64E4100E27B2A /* Moya */; };
		02C7044D2AE64E4100E27B2A /* ReactiveMoya in Frameworks */ = {isa = PBXBuildFile; productRef = 02C7044C2AE64E4100E27B2A /* ReactiveMoya */; };
		02C7044F2AE64E4100E27B2A /* RxMoya in Frameworks */ = {isa = PBXBuildFile; productRef = 02C7044E2AE64E4100E27B2A /* RxMoya */; };
		02C704512AE64EB700E27B2A /* BaseView.swift in Sources */ = {isa = PBXBuildFile; fileRef = 02C704502AE64EB700E27B2A /* BaseView.swift */; };
		02C704532AE6503A00E27B2A /* HomeNC.swift in Sources */ = {isa = PBXBuildFile; fileRef = 02C704522AE6503A00E27B2A /* HomeNC.swift */; };
		02C704582AE651E800E27B2A /* SearchBar.swift in Sources */ = {isa = PBXBuildFile; fileRef = 02C704572AE651E800E27B2A /* SearchBar.swift */; };
		02C7045B2AE6540900E27B2A /* Extension.swift in Sources */ = {isa = PBXBuildFile; fileRef = 02C7045A2AE6540900E27B2A /* Extension.swift */; };
		02C7045E2AE6567F00E27B2A /* RxBlocking in Frameworks */ = {isa = PBXBuildFile; productRef = 02C7045D2AE6567F00E27B2A /* RxBlocking */; };
		02C704602AE6567F00E27B2A /* RxCocoa in Frameworks */ = {isa = PBXBuildFile; productRef = 02C7045F2AE6567F00E27B2A /* RxCocoa */; };
		02C704622AE6567F00E27B2A /* RxRelay in Frameworks */ = {isa = PBXBuildFile; productRef = 02C704612AE6567F00E27B2A /* RxRelay */; };
		02C704642AE6567F00E27B2A /* RxSwift in Frameworks */ = {isa = PBXBuildFile; productRef = 02C704632AE6567F00E27B2A /* RxSwift */; };
		02C704682AE6577C00E27B2A /* HomeViewModel.swift in Sources */ = {isa = PBXBuildFile; fileRef = 02C704672AE6577C00E27B2A /* HomeViewModel.swift */; };
		02C7046A2AE6578700E27B2A /* SearchModel.swift in Sources */ = {isa = PBXBuildFile; fileRef = 02C704692AE6578700E27B2A /* SearchModel.swift */; };
		02C7046C2AE65A9B00E27B2A /* SearchAPI.swift in Sources */ = {isa = PBXBuildFile; fileRef = 02C7046B2AE65A9B00E27B2A /* SearchAPI.swift */; };
		02C7046E2AE65E6D00E27B2A /* HomeCVCell.swift in Sources */ = {isa = PBXBuildFile; fileRef = 02C7046D2AE65E6D00E27B2A /* HomeCVCell.swift */; };
/* End PBXBuildFile section */

/* Begin PBXFileReference section */
		02C704262AE64A7C00E27B2A /* Pagination.app */ = {isa = PBXFileReference; explicitFileType = wrapper.application; includeInIndex = 0; path = Pagination.app; sourceTree = BUILT_PRODUCTS_DIR; };
		02C704292AE64A7C00E27B2A /* AppDelegate.swift */ = {isa = PBXFileReference; lastKnownFileType = sourcecode.swift; path = AppDelegate.swift; sourceTree = "<group>"; };
		02C7042B2AE64A7C00E27B2A /* SceneDelegate.swift */ = {isa = PBXFileReference; lastKnownFileType = sourcecode.swift; path = SceneDelegate.swift; sourceTree = "<group>"; };
		02C7042D2AE64A7C00E27B2A /* HomeVC.swift */ = {isa = PBXFileReference; lastKnownFileType = sourcecode.swift; path = HomeVC.swift; sourceTree = "<group>"; };
		02C704322AE64A7D00E27B2A /* Assets.xcassets */ = {isa = PBXFileReference; lastKnownFileType = folder.assetcatalog; path = Assets.xcassets; sourceTree = "<group>"; };
		02C704352AE64A7D00E27B2A /* Base */ = {isa = PBXFileReference; lastKnownFileType = file.storyboard; name = Base; path = Base.lproj/LaunchScreen.storyboard; sourceTree = "<group>"; };
		02C704372AE64A7D00E27B2A /* Info.plist */ = {isa = PBXFileReference; lastKnownFileType = text.plist.xml; path = Info.plist; sourceTree = "<group>"; };
		02C7043D2AE64DBD00E27B2A /* HomeView.swift */ = {isa = PBXFileReference; lastKnownFileType = sourcecode.swift; path = HomeView.swift; sourceTree = "<group>"; };
		02C704502AE64EB700E27B2A /* BaseView.swift */ = {isa = PBXFileReference; lastKnownFileType = sourcecode.swift; path = BaseView.swift; sourceTree = "<group>"; };
		02C704522AE6503A00E27B2A /* HomeNC.swift */ = {isa = PBXFileReference; lastKnownFileType = sourcecode.swift; path = HomeNC.swift; sourceTree = "<group>"; };
		02C704572AE651E800E27B2A /* SearchBar.swift */ = {isa = PBXFileReference; lastKnownFileType = sourcecode.swift; path = SearchBar.swift; sourceTree = "<group>"; };
		02C7045A2AE6540900E27B2A /* Extension.swift */ = {isa = PBXFileReference; lastKnownFileType = sourcecode.swift; path = Extension.swift; sourceTree = "<group>"; };
		02C704672AE6577C00E27B2A /* HomeViewModel.swift */ = {isa = PBXFileReference; lastKnownFileType = sourcecode.swift; path = HomeViewModel.swift; sourceTree = "<group>"; };
		02C704692AE6578700E27B2A /* SearchModel.swift */ = {isa = PBXFileReference; lastKnownFileType = sourcecode.swift; path = SearchModel.swift; sourceTree = "<group>"; };
		02C7046B2AE65A9B00E27B2A /* SearchAPI.swift */ = {isa = PBXFileReference; lastKnownFileType = sourcecode.swift; path = SearchAPI.swift; sourceTree = "<group>"; };
		02C7046D2AE65E6D00E27B2A /* HomeCVCell.swift */ = {isa = PBXFileReference; lastKnownFileType = sourcecode.swift; path = HomeCVCell.swift; sourceTree = "<group>"; };
/* End PBXFileReference section */

/* Begin PBXFrameworksBuildPhase section */
		02C704232AE64A7C00E27B2A /* Frameworks */ = {
			isa = PBXFrameworksBuildPhase;
			buildActionMask = 2147483647;
			files = (
				02C704622AE6567F00E27B2A /* RxRelay in Frameworks */,
				02C704462AE64E2300E27B2A /* Kingfisher in Frameworks */,
				02C704642AE6567F00E27B2A /* RxSwift in Frameworks */,
				02C704412AE64DFF00E27B2A /* SnapKit in Frameworks */,
				02C704492AE64E4100E27B2A /* CombineMoya in Frameworks */,
				02C7044B2AE64E4100E27B2A /* Moya in Frameworks */,
				02C7044F2AE64E4100E27B2A /* RxMoya in Frameworks */,
				02C7044D2AE64E4100E27B2A /* ReactiveMoya in Frameworks */,
				02C704602AE6567F00E27B2A /* RxCocoa in Frameworks */,
				02C7045E2AE6567F00E27B2A /* RxBlocking in Frameworks */,
			);
			runOnlyForDeploymentPostprocessing = 0;
		};
/* End PBXFrameworksBuildPhase section */

/* Begin PBXGroup section */
		0285D40C2AE773AE005B36DA /* View */ = {
			isa = PBXGroup;
			children = (
				02C7043D2AE64DBD00E27B2A /* HomeView.swift */,
				02C704572AE651E800E27B2A /* SearchBar.swift */,
			);
			path = View;
			sourceTree = "<group>";
		};
		0285D40D2AE773B2005B36DA /* Cell */ = {
			isa = PBXGroup;
			children = (
				02C7046D2AE65E6D00E27B2A /* HomeCVCell.swift */,
			);
			path = Cell;
			sourceTree = "<group>";
		};
		02C7041D2AE64A7C00E27B2A = {
			isa = PBXGroup;
			children = (
				02C704282AE64A7C00E27B2A /* Pagination */,
				02C704272AE64A7C00E27B2A /* Products */,
			);
			sourceTree = "<group>";
		};
		02C704272AE64A7C00E27B2A /* Products */ = {
			isa = PBXGroup;
			children = (
				02C704262AE64A7C00E27B2A /* Pagination.app */,
			);
			name = Products;
			sourceTree = "<group>";
		};
		02C704282AE64A7C00E27B2A /* Pagination */ = {
			isa = PBXGroup;
			children = (
				02C704592AE653FF00E27B2A /* Util */,
				02C704562AE651DA00E27B2A /* Screen */,
				02C704292AE64A7C00E27B2A /* AppDelegate.swift */,
				02C7042B2AE64A7C00E27B2A /* SceneDelegate.swift */,
				02C704322AE64A7D00E27B2A /* Assets.xcassets */,
				02C704342AE64A7D00E27B2A /* LaunchScreen.storyboard */,
				02C704372AE64A7D00E27B2A /* Info.plist */,
			);
			path = Pagination;
			sourceTree = "<group>";
		};
		02C704542AE651B100E27B2A /* Home */ = {
			isa = PBXGroup;
			children = (
				0285D40D2AE773B2005B36DA /* Cell */,
				0285D40C2AE773AE005B36DA /* View */,
				02C704522AE6503A00E27B2A /* HomeNC.swift */,
				02C7042D2AE64A7C00E27B2A /* HomeVC.swift */,
				02C704672AE6577C00E27B2A /* HomeViewModel.swift */,
				02C704692AE6578700E27B2A /* SearchModel.swift */,
			);
			path = Home;
			sourceTree = "<group>";
		};
		02C704562AE651DA00E27B2A /* Screen */ = {
			isa = PBXGroup;
			children = (
				02C704542AE651B100E27B2A /* Home */,
			);
			path = Screen;
			sourceTree = "<group>";
		};
		02C704592AE653FF00E27B2A /* Util */ = {
			isa = PBXGroup;
			children = (
				02C7045A2AE6540900E27B2A /* Extension.swift */,
				02C7046B2AE65A9B00E27B2A /* SearchAPI.swift */,
				02C704502AE64EB700E27B2A /* BaseView.swift */,
			);
			path = Util;
			sourceTree = "<group>";
		};
/* End PBXGroup section */

/* Begin PBXNativeTarget section */
		02C704252AE64A7C00E27B2A /* Pagination */ = {
			isa = PBXNativeTarget;
			buildConfigurationList = 02C7043A2AE64A7D00E27B2A /* Build configuration list for PBXNativeTarget "Pagination" */;
			buildPhases = (
				02C704222AE64A7C00E27B2A /* Sources */,
				02C704232AE64A7C00E27B2A /* Frameworks */,
				02C704242AE64A7C00E27B2A /* Resources */,
			);
			buildRules = (
			);
			dependencies = (
			);
			name = Pagination;
			packageProductDependencies = (
				02C704402AE64DFF00E27B2A /* SnapKit */,
				02C704452AE64E2300E27B2A /* Kingfisher */,
				02C704482AE64E4100E27B2A /* CombineMoya */,
				02C7044A2AE64E4100E27B2A /* Moya */,
				02C7044C2AE64E4100E27B2A /* ReactiveMoya */,
				02C7044E2AE64E4100E27B2A /* RxMoya */,
				02C7045D2AE6567F00E27B2A /* RxBlocking */,
				02C7045F2AE6567F00E27B2A /* RxCocoa */,
				02C704612AE6567F00E27B2A /* RxRelay */,
				02C704632AE6567F00E27B2A /* RxSwift */,
			);
			productName = Pagination;
			productReference = 02C704262AE64A7C00E27B2A /* Pagination.app */;
			productType = "com.apple.product-type.application";
		};
/* End PBXNativeTarget section */

/* Begin PBXProject section */
		02C7041E2AE64A7C00E27B2A /* Project object */ = {
			isa = PBXProject;
			attributes = {
				BuildIndependentTargetsInParallel = 1;
				LastSwiftUpdateCheck = 1500;
				LastUpgradeCheck = 1500;
				TargetAttributes = {
					02C704252AE64A7C00E27B2A = {
						CreatedOnToolsVersion = 15.0.1;
					};
				};
			};
			buildConfigurationList = 02C704212AE64A7C00E27B2A /* Build configuration list for PBXProject "Pagination" */;
			compatibilityVersion = "Xcode 14.0";
			developmentRegion = en;
			hasScannedForEncodings = 0;
			knownRegions = (
				en,
				Base,
			);
			mainGroup = 02C7041D2AE64A7C00E27B2A;
			packageReferences = (
				02C7043F2AE64DFF00E27B2A /* XCRemoteSwiftPackageReference "SnapKit" */,
				02C704442AE64E2300E27B2A /* XCRemoteSwiftPackageReference "Kingfisher" */,
				02C704472AE64E4100E27B2A /* XCRemoteSwiftPackageReference "Moya" */,
				02C7045C2AE6567F00E27B2A /* XCRemoteSwiftPackageReference "RxSwift" */,
			);
			productRefGroup = 02C704272AE64A7C00E27B2A /* Products */;
			projectDirPath = "";
			projectRoot = "";
			targets = (
				02C704252AE64A7C00E27B2A /* Pagination */,
			);
		};
/* End PBXProject section */

/* Begin PBXResourcesBuildPhase section */
		02C704242AE64A7C00E27B2A /* Resources */ = {
			isa = PBXResourcesBuildPhase;
			buildActionMask = 2147483647;
			files = (
				02C704362AE64A7D00E27B2A /* LaunchScreen.storyboard in Resources */,
				02C704332AE64A7D00E27B2A /* Assets.xcassets in Resources */,
			);
			runOnlyForDeploymentPostprocessing = 0;
		};
/* End PBXResourcesBuildPhase section */

/* Begin PBXSourcesBuildPhase section */
		02C704222AE64A7C00E27B2A /* Sources */ = {
			isa = PBXSourcesBuildPhase;
			buildActionMask = 2147483647;
			files = (
				02C7046C2AE65A9B00E27B2A /* SearchAPI.swift in Sources */,
				02C704582AE651E800E27B2A /* SearchBar.swift in Sources */,
				02C704682AE6577C00E27B2A /* HomeViewModel.swift in Sources */,
				02C7042E2AE64A7C00E27B2A /* HomeVC.swift in Sources */,
				02C7043E2AE64DBD00E27B2A /* HomeView.swift in Sources */,
				02C704512AE64EB700E27B2A /* BaseView.swift in Sources */,
				02C7046E2AE65E6D00E27B2A /* HomeCVCell.swift in Sources */,
				02C7046A2AE6578700E27B2A /* SearchModel.swift in Sources */,
				02C7042A2AE64A7C00E27B2A /* AppDelegate.swift in Sources */,
				02C7042C2AE64A7C00E27B2A /* SceneDelegate.swift in Sources */,
				02C704532AE6503A00E27B2A /* HomeNC.swift in Sources */,
				02C7045B2AE6540900E27B2A /* Extension.swift in Sources */,
			);
			runOnlyForDeploymentPostprocessing = 0;
		};
/* End PBXSourcesBuildPhase section */

/* Begin PBXVariantGroup section */
		02C704342AE64A7D00E27B2A /* LaunchScreen.storyboard */ = {
			isa = PBXVariantGroup;
			children = (
				02C704352AE64A7D00E27B2A /* Base */,
			);
			name = LaunchScreen.storyboard;
			sourceTree = "<group>";
		};
/* End PBXVariantGroup section */

/* Begin XCBuildConfiguration section */
		02C704382AE64A7D00E27B2A /* Debug */ = {
			isa = XCBuildConfiguration;
			buildSettings = {
				ALWAYS_SEARCH_USER_PATHS = NO;
				ASSETCATALOG_COMPILER_GENERATE_SWIFT_ASSET_SYMBOL_EXTENSIONS = YES;
				CLANG_ANALYZER_NONNULL = YES;
				CLANG_ANALYZER_NUMBER_OBJECT_CONVERSION = YES_AGGRESSIVE;
				CLANG_CXX_LANGUAGE_STANDARD = "gnu++20";
				CLANG_ENABLE_MODULES = YES;
				CLANG_ENABLE_OBJC_ARC = YES;
				CLANG_ENABLE_OBJC_WEAK = YES;
				CLANG_WARN_BLOCK_CAPTURE_AUTORELEASING = YES;
				CLANG_WARN_BOOL_CONVERSION = YES;
				CLANG_WARN_COMMA = YES;
				CLANG_WARN_CONSTANT_CONVERSION = YES;
				CLANG_WARN_DEPRECATED_OBJC_IMPLEMENTATIONS = YES;
				CLANG_WARN_DIRECT_OBJC_ISA_USAGE = YES_ERROR;
				CLANG_WARN_DOCUMENTATION_COMMENTS = YES;
				CLANG_WARN_EMPTY_BODY = YES;
				CLANG_WARN_ENUM_CONVERSION = YES;
				CLANG_WARN_INFINITE_RECURSION = YES;
				CLANG_WARN_INT_CONVERSION = YES;
				CLANG_WARN_NON_LITERAL_NULL_CONVERSION = YES;
				CLANG_WARN_OBJC_IMPLICIT_RETAIN_SELF = YES;
				CLANG_WARN_OBJC_LITERAL_CONVERSION = YES;
				CLANG_WARN_OBJC_ROOT_CLASS = YES_ERROR;
				CLANG_WARN_QUOTED_INCLUDE_IN_FRAMEWORK_HEADER = YES;
				CLANG_WARN_RANGE_LOOP_ANALYSIS = YES;
				CLANG_WARN_STRICT_PROTOTYPES = YES;
				CLANG_WARN_SUSPICIOUS_MOVE = YES;
				CLANG_WARN_UNGUARDED_AVAILABILITY = YES_AGGRESSIVE;
				CLANG_WARN_UNREACHABLE_CODE = YES;
				CLANG_WARN__DUPLICATE_METHOD_MATCH = YES;
				COPY_PHASE_STRIP = NO;
				DEBUG_INFORMATION_FORMAT = dwarf;
				ENABLE_STRICT_OBJC_MSGSEND = YES;
				ENABLE_TESTABILITY = YES;
				ENABLE_USER_SCRIPT_SANDBOXING = YES;
				GCC_C_LANGUAGE_STANDARD = gnu17;
				GCC_DYNAMIC_NO_PIC = NO;
				GCC_NO_COMMON_BLOCKS = YES;
				GCC_OPTIMIZATION_LEVEL = 0;
				GCC_PREPROCESSOR_DEFINITIONS = (
					"DEBUG=1",
					"$(inherited)",
				);
				GCC_WARN_64_TO_32_BIT_CONVERSION = YES;
				GCC_WARN_ABOUT_RETURN_TYPE = YES_ERROR;
				GCC_WARN_UNDECLARED_SELECTOR = YES;
				GCC_WARN_UNINITIALIZED_AUTOS = YES_AGGRESSIVE;
				GCC_WARN_UNUSED_FUNCTION = YES;
				GCC_WARN_UNUSED_VARIABLE = YES;
				IPHONEOS_DEPLOYMENT_TARGET = 15.0;
				LOCALIZATION_PREFERS_STRING_CATALOGS = YES;
				MTL_ENABLE_DEBUG_INFO = INCLUDE_SOURCE;
				MTL_FAST_MATH = YES;
				ONLY_ACTIVE_ARCH = YES;
				SDKROOT = iphoneos;
				SWIFT_ACTIVE_COMPILATION_CONDITIONS = "DEBUG $(inherited)";
				SWIFT_OPTIMIZATION_LEVEL = "-Onone";
			};
			name = Debug;
		};
		02C704392AE64A7D00E27B2A /* Release */ = {
			isa = XCBuildConfiguration;
			buildSettings = {
				ALWAYS_SEARCH_USER_PATHS = NO;
				ASSETCATALOG_COMPILER_GENERATE_SWIFT_ASSET_SYMBOL_EXTENSIONS = YES;
				CLANG_ANALYZER_NONNULL = YES;
				CLANG_ANALYZER_NUMBER_OBJECT_CONVERSION = YES_AGGRESSIVE;
				CLANG_CXX_LANGUAGE_STANDARD = "gnu++20";
				CLANG_ENABLE_MODULES = YES;
				CLANG_ENABLE_OBJC_ARC = YES;
				CLANG_ENABLE_OBJC_WEAK = YES;
				CLANG_WARN_BLOCK_CAPTURE_AUTORELEASING = YES;
				CLANG_WARN_BOOL_CONVERSION = YES;
				CLANG_WARN_COMMA = YES;
				CLANG_WARN_CONSTANT_CONVERSION = YES;
				CLANG_WARN_DEPRECATED_OBJC_IMPLEMENTATIONS = YES;
				CLANG_WARN_DIRECT_OBJC_ISA_USAGE = YES_ERROR;
				CLANG_WARN_DOCUMENTATION_COMMENTS = YES;
				CLANG_WARN_EMPTY_BODY = YES;
				CLANG_WARN_ENUM_CONVERSION = YES;
				CLANG_WARN_INFINITE_RECURSION = YES;
				CLANG_WARN_INT_CONVERSION = YES;
				CLANG_WARN_NON_LITERAL_NULL_CONVERSION = YES;
				CLANG_WARN_OBJC_IMPLICIT_RETAIN_SELF = YES;
				CLANG_WARN_OBJC_LITERAL_CONVERSION = YES;
				CLANG_WARN_OBJC_ROOT_CLASS = YES_ERROR;
				CLANG_WARN_QUOTED_INCLUDE_IN_FRAMEWORK_HEADER = YES;
				CLANG_WARN_RANGE_LOOP_ANALYSIS = YES;
				CLANG_WARN_STRICT_PROTOTYPES = YES;
				CLANG_WARN_SUSPICIOUS_MOVE = YES;
				CLANG_WARN_UNGUARDED_AVAILABILITY = YES_AGGRESSIVE;
				CLANG_WARN_UNREACHABLE_CODE = YES;
				CLANG_WARN__DUPLICATE_METHOD_MATCH = YES;
				COPY_PHASE_STRIP = NO;
				DEBUG_INFORMATION_FORMAT = "dwarf-with-dsym";
				ENABLE_NS_ASSERTIONS = NO;
				ENABLE_STRICT_OBJC_MSGSEND = YES;
				ENABLE_USER_SCRIPT_SANDBOXING = YES;
				GCC_C_LANGUAGE_STANDARD = gnu17;
				GCC_NO_COMMON_BLOCKS = YES;
				GCC_WARN_64_TO_32_BIT_CONVERSION = YES;
				GCC_WARN_ABOUT_RETURN_TYPE = YES_ERROR;
				GCC_WARN_UNDECLARED_SELECTOR = YES;
				GCC_WARN_UNINITIALIZED_AUTOS = YES_AGGRESSIVE;
				GCC_WARN_UNUSED_FUNCTION = YES;
				GCC_WARN_UNUSED_VARIABLE = YES;
				IPHONEOS_DEPLOYMENT_TARGET = 15.0;
				LOCALIZATION_PREFERS_STRING_CATALOGS = YES;
				MTL_ENABLE_DEBUG_INFO = NO;
				MTL_FAST_MATH = YES;
				SDKROOT = iphoneos;
				SWIFT_COMPILATION_MODE = wholemodule;
				VALIDATE_PRODUCT = YES;
			};
			name = Release;
		};
		02C7043B2AE64A7D00E27B2A /* Debug */ = {
			isa = XCBuildConfiguration;
			buildSettings = {
				ASSETCATALOG_COMPILER_APPICON_NAME = AppIcon;
				ASSETCATALOG_COMPILER_GLOBAL_ACCENT_COLOR_NAME = AccentColor;
				CODE_SIGN_STYLE = Automatic;
				CURRENT_PROJECT_VERSION = 1;
				DEVELOPMENT_TEAM = 68P2WV4DR3;
				GENERATE_INFOPLIST_FILE = YES;
				INFOPLIST_FILE = Pagination/Info.plist;
				INFOPLIST_KEY_UIApplicationSupportsIndirectInputEvents = YES;
				INFOPLIST_KEY_UILaunchStoryboardName = LaunchScreen;
				INFOPLIST_KEY_UIMainStoryboardFile = "";
				INFOPLIST_KEY_UISupportedInterfaceOrientations = UIInterfaceOrientationPortrait;
				INFOPLIST_KEY_UISupportedInterfaceOrientations_iPad = "UIInterfaceOrientationLandscapeLeft UIInterfaceOrientationLandscapeRight UIInterfaceOrientationPortrait UIInterfaceOrientationPortraitUpsideDown";
				IPHONEOS_DEPLOYMENT_TARGET = 15.0;
				LD_RUNPATH_SEARCH_PATHS = (
					"$(inherited)",
					"@executable_path/Frameworks",
				);
				MARKETING_VERSION = 1.0;
				PRODUCT_BUNDLE_IDENTIFIER = com.lily.Pagination;
				PRODUCT_NAME = "$(TARGET_NAME)";
				SUPPORTED_PLATFORMS = "iphoneos iphonesimulator";
				SUPPORTS_MACCATALYST = NO;
				SUPPORTS_MAC_DESIGNED_FOR_IPHONE_IPAD = NO;
				SWIFT_EMIT_LOC_STRINGS = YES;
				SWIFT_VERSION = 5.0;
				TARGETED_DEVICE_FAMILY = 1;
			};
			name = Debug;
		};
		02C7043C2AE64A7D00E27B2A /* Release */ = {
			isa = XCBuildConfiguration;
			buildSettings = {
				ASSETCATALOG_COMPILER_APPICON_NAME = AppIcon;
				ASSETCATALOG_COMPILER_GLOBAL_ACCENT_COLOR_NAME = AccentColor;
				CODE_SIGN_STYLE = Automatic;
				CURRENT_PROJECT_VERSION = 1;
				DEVELOPMENT_TEAM = 68P2WV4DR3;
				GENERATE_INFOPLIST_FILE = YES;
				INFOPLIST_FILE = Pagination/Info.plist;
				INFOPLIST_KEY_UIApplicationSupportsIndirectInputEvents = YES;
				INFOPLIST_KEY_UILaunchStoryboardName = LaunchScreen;
				INFOPLIST_KEY_UIMainStoryboardFile = "";
				INFOPLIST_KEY_UISupportedInterfaceOrientations = UIInterfaceOrientationPortrait;
				INFOPLIST_KEY_UISupportedInterfaceOrientations_iPad = "UIInterfaceOrientationLandscapeLeft UIInterfaceOrientationLandscapeRight UIInterfaceOrientationPortrait UIInterfaceOrientationPortraitUpsideDown";
				IPHONEOS_DEPLOYMENT_TARGET = 15.0;
				LD_RUNPATH_SEARCH_PATHS = (
					"$(inherited)",
					"@executable_path/Frameworks",
				);
				MARKETING_VERSION = 1.0;
				PRODUCT_BUNDLE_IDENTIFIER = com.lily.Pagination;
				PRODUCT_NAME = "$(TARGET_NAME)";
				SUPPORTED_PLATFORMS = "iphoneos iphonesimulator";
				SUPPORTS_MACCATALYST = NO;
				SUPPORTS_MAC_DESIGNED_FOR_IPHONE_IPAD = NO;
				SWIFT_EMIT_LOC_STRINGS = YES;
				SWIFT_VERSION = 5.0;
				TARGETED_DEVICE_FAMILY = 1;
			};
			name = Release;
		};
/* End XCBuildConfiguration section */

/* Begin XCConfigurationList section */
		02C704212AE64A7C00E27B2A /* Build configuration list for PBXProject "Pagination" */ = {
			isa = XCConfigurationList;
			buildConfigurations = (
				02C704382AE64A7D00E27B2A /* Debug */,
				02C704392AE64A7D00E27B2A /* Release */,
			);
			defaultConfigurationIsVisible = 0;
			defaultConfigurationName = Release;
		};
		02C7043A2AE64A7D00E27B2A /* Build configuration list for PBXNativeTarget "Pagination" */ = {
			isa = XCConfigurationList;
			buildConfigurations = (
				02C7043B2AE64A7D00E27B2A /* Debug */,
				02C7043C2AE64A7D00E27B2A /* Release */,
			);
			defaultConfigurationIsVisible = 0;
			defaultConfigurationName = Release;
		};
/* End XCConfigurationList section */

/* Begin XCRemoteSwiftPackageReference section */
		02C7043F2AE64DFF00E27B2A /* XCRemoteSwiftPackageReference "SnapKit" */ = {
			isa = XCRemoteSwiftPackageReference;
			repositoryURL = "https://github.com/SnapKit/SnapKit.git";
			requirement = {
				kind = upToNextMajorVersion;
				minimumVersion = 5.6.0;
			};
		};
		02C704442AE64E2300E27B2A /* XCRemoteSwiftPackageReference "Kingfisher" */ = {
			isa = XCRemoteSwiftPackageReference;
			repositoryURL = "https://github.com/onevcat/Kingfisher.git";
			requirement = {
				kind = upToNextMajorVersion;
				minimumVersion = 7.9.1;
			};
		};
		02C704472AE64E4100E27B2A /* XCRemoteSwiftPackageReference "Moya" */ = {
			isa = XCRemoteSwiftPackageReference;
			repositoryURL = "https://github.com/Moya/Moya.git";
			requirement = {
				kind = upToNextMajorVersion;
				minimumVersion = 15.0.3;
			};
		};
		02C7045C2AE6567F00E27B2A /* XCRemoteSwiftPackageReference "RxSwift" */ = {
			isa = XCRemoteSwiftPackageReference;
			repositoryURL = "https://github.com/ReactiveX/RxSwift";
			requirement = {
				kind = upToNextMajorVersion;
				minimumVersion = 6.6.0;
			};
		};
/* End XCRemoteSwiftPackageReference section */

/* Begin XCSwiftPackageProductDependency section */
		02C704402AE64DFF00E27B2A /* SnapKit */ = {
			isa = XCSwiftPackageProductDependency;
			package = 02C7043F2AE64DFF00E27B2A /* XCRemoteSwiftPackageReference "SnapKit" */;
			productName = SnapKit;
		};
		02C704452AE64E2300E27B2A /* Kingfisher */ = {
			isa = XCSwiftPackageProductDependency;
			package = 02C704442AE64E2300E27B2A /* XCRemoteSwiftPackageReference "Kingfisher" */;
			productName = Kingfisher;
		};
		02C704482AE64E4100E27B2A /* CombineMoya */ = {
			isa = XCSwiftPackageProductDependency;
			package = 02C704472AE64E4100E27B2A /* XCRemoteSwiftPackageReference "Moya" */;
			productName = CombineMoya;
		};
		02C7044A2AE64E4100E27B2A /* Moya */ = {
			isa = XCSwiftPackageProductDependency;
			package = 02C704472AE64E4100E27B2A /* XCRemoteSwiftPackageReference "Moya" */;
			productName = Moya;
		};
		02C7044C2AE64E4100E27B2A /* ReactiveMoya */ = {
			isa = XCSwiftPackageProductDependency;
			package = 02C704472AE64E4100E27B2A /* XCRemoteSwiftPackageReference "Moya" */;
			productName = ReactiveMoya;
		};
		02C7044E2AE64E4100E27B2A /* RxMoya */ = {
			isa = XCSwiftPackageProductDependency;
			package = 02C704472AE64E4100E27B2A /* XCRemoteSwiftPackageReference "Moya" */;
			productName = RxMoya;
		};
		02C7045D2AE6567F00E27B2A /* RxBlocking */ = {
			isa = XCSwiftPackageProductDependency;
			package = 02C7045C2AE6567F00E27B2A /* XCRemoteSwiftPackageReference "RxSwift" */;
			productName = RxBlocking;
		};
		02C7045F2AE6567F00E27B2A /* RxCocoa */ = {
			isa = XCSwiftPackageProductDependency;
			package = 02C7045C2AE6567F00E27B2A /* XCRemoteSwiftPackageReference "RxSwift" */;
			productName = RxCocoa;
		};
		02C704612AE6567F00E27B2A /* RxRelay */ = {
			isa = XCSwiftPackageProductDependency;
			package = 02C7045C2AE6567F00E27B2A /* XCRemoteSwiftPackageReference "RxSwift" */;
			productName = RxRelay;
		};
		02C704632AE6567F00E27B2A /* RxSwift */ = {
			isa = XCSwiftPackageProductDependency;
			package = 02C7045C2AE6567F00E27B2A /* XCRemoteSwiftPackageReference "RxSwift" */;
			productName = RxSwift;
		};
/* End XCSwiftPackageProductDependency section */
	};
	rootObject = 02C7041E2AE64A7C00E27B2A /* Project object */;
}
